
Microsoft Visual Studio Solution File, Format Version 12.00
Project("{FAE04EC0-301F-11D3-BF4B-00C04F79EFBC}") = "Mastermind.Core", "Mastermind.Core\Mastermind.Core.csproj", "{A3257B41-3775-4298-9908-93B68A6BEBF5}"
EndProject
Project("{FAE04EC0-301F-11D3-BF4B-00C04F79EFBC}") = "Mastermind.Core.UnitTests", "Mastermind.Core.UnitTests\Mastermind.Core.UnitTests.csproj", "{3664D4BB-315C-4FEF-801A-FCD5D8C07C22}"
EndProject
Global
	GlobalSection(SolutionConfigurationPlatforms) = preSolution
		Debug|Any CPU = Debug|Any CPU
		Release|Any CPU = Release|Any CPU
	EndGlobalSection
	GlobalSection(ProjectConfigurationPlatforms) = postSolution
		{A3257B41-3775-4298-9908-93B68A6BEBF5}.Debug|Any CPU.ActiveCfg = Debug|Any CPU
		{A3257B41-3775-4298-9908-93B68A6BEBF5}.Debug|Any CPU.Build.0 = Debug|Any CPU
		{A3257B41-3775-4298-9908-93B68A6BEBF5}.Release|Any CPU.ActiveCfg = Release|Any CPU
		{A3257B41-3775-4298-9908-93B68A6BEBF5}.Release|Any CPU.Build.0 = Release|Any CPU
		{3664D4BB-315C-4FEF-801A-FCD5D8C07C22}.Debug|Any CPU.ActiveCfg = Debug|Any CPU
		{3664D4BB-315C-4FEF-801A-FCD5D8C07C22}.Debug|Any CPU.Build.0 = Debug|Any CPU
		{3664D4BB-315C-4FEF-801A-FCD5D8C07C22}.Release|Any CPU.ActiveCfg = Release|Any CPU
		{3664D4BB-315C-4FEF-801A-FCD5D8C07C22}.Release|Any CPU.Build.0 = Release|Any CPU
	EndGlobalSection
EndGlobal
